<Solution>
  <Folder Name="/src/">
    <File Path=".env" />
    <File Path=".gitignore" />
    <File Path="example.env" />
    <File Path="init.sql" />
    <File Path="README.md" />
  </Folder>
  <Folder Name="/src/Backend/">
    <File Path="src/Backend/project-info.md" />
    <Project Path="src/Backend/FIAP.AquaGuard.API/FIAP.AquaGuard.API.csproj" />
    <Project Path="src/Backend/FIAP.Aquaguard.Application/FIAP.Aquaguard.Application.csproj" />
    <Project Path="src/Backend/FIAP.AquaGuard.Domain/FIAP.AquaGuard.Domain.csproj" />
    <Project Path="src/Backend/FIAP.AquaGuard.Infraestructure/FIAP.AquaGuard.Infrastructure.csproj" />
  </Folder>
  <Folder Name="/src/Shared/">
    <Project Path="src/Shared/FIAP.AquaGuard.Exception/FIAP.AquaGuard.Exception.csproj" />
  </Folder>
  <Folder Name="/tests/">
    <Project Path="tests/FIAP.AquaGuard.API.Tests/FIAP.AquaGuard.API.Tests.csproj" />
    <Project Path="tests/FIAP.AquaGuard.Application.Tests/FIAP.AquaGuard.Application.Tests.csproj" />
    <Project Path="tests/FIAP.AquaGuard.Domain.Tests/FIAP.AquaGuard.Domain.Tests.csproj" />
    <Project Path="tests/FIAP.AquaGuard.Infrastructure.Tests/FIAP.AquaGuard.Infrastructure.Tests.csproj" />
  </Folder>
</Solution>
